{
  "version": 4,
  "terraform_version": "1.14.7",
  "serial": 303,
  "lineage": "dcd686a3-bae8-09f9-1195-3a4c88f2f93e",
  "outputs": {},
  "resources": [
    {
      "module": "module.bgp",
      "mode": "managed",
      "type": "iosxe_bgp",
      "name": "r_bgp",
      "provider": "provider[\"registry.terraform.io/ciscodevnet/iosxe\"]",
      "instances": [
        {
          "index_key": "r10",
          "schema_version": 0,
          "attributes": {
            "asn": "65000",
            "bgp_graceful_restart": true,
            "bgp_update_delay": 200,
            "default_ipv4_unicast": false,
            "delete_mode": null,
            "device": "r10",
            "id": "Cisco-IOS-XE-native:native/router/Cisco-IOS-XE-bgp:bgp=65000",
            "log_neighbor_changes": true,
            "router_id_ip": "100.100.100.10",
            "router_id_loopback": null
          },
          "sensitive_attributes": [],
          "identity_schema_version": 0,
          "private": "eyJpbXBvcnRpbmciOiJNQT09In0=",
          "dependencies": [
            "module.ethernet_interface.iosxe_interface_ethernet.r_ge2",
            "module.loopback_interface.iosxe_interface_loopback.r1_loopback0",
            "module.loopback_interface.iosxe_interface_loopback.r1_loopback1",
            "module.ospf.iosxe_ospf.r_ospf"
          ]
        },
        {
          "index_key": "r11",
          "schema_version": 0,
          "attributes": {
            "asn": "65000",
            "bgp_graceful_restart": true,
            "bgp_update_delay": 200,
            "default_ipv4_unicast": false,
            "delete_mode": null,
            "device": "r11",
            "id": "Cisco-IOS-XE-native:native/router/Cisco-IOS-XE-bgp:bgp=65000",
            "log_neighbor_changes": true,
            "router_id_ip": "100.100.100.11",
            "router_id_loopback": null
          },
          "sensitive_attributes": [],
          "identity_schema_version": 0,
          "private": "eyJpbXBvcnRpbmciOiJNQT09In0=",
          "dependencies": [
            "module.ethernet_interface.iosxe_interface_ethernet.r_ge2",
            "module.loopback_interface.iosxe_interface_loopback.r1_loopback0",
            "module.loopback_interface.iosxe_interface_loopback.r1_loopback1",
            "module.ospf.iosxe_ospf.r_ospf"
          ]
        },
        {
          "index_key": "r12",
          "schema_version": 0,
          "attributes": {
            "asn": "65000",
            "bgp_graceful_restart": true,
            "bgp_update_delay": 200,
            "default_ipv4_unicast": false,
            "delete_mode": null,
            "device": "r12",
            "id": "Cisco-IOS-XE-native:native/router/Cisco-IOS-XE-bgp:bgp=65000",
            "log_neighbor_changes": true,
            "router_id_ip": "100.100.100.12",
            "router_id_loopback": null
          },
          "sensitive_attributes": [],
          "identity_schema_version": 0,
          "private": "eyJpbXBvcnRpbmciOiJNQT09In0=",
          "dependencies": [
            "module.ethernet_interface.iosxe_interface_ethernet.r_ge2",
            "module.loopback_interface.iosxe_interface_loopback.r1_loopback0",
            "module.loopback_interface.iosxe_interface_loopback.r1_loopback1",
            "module.ospf.iosxe_ospf.r_ospf"
          ]
        },
        {
          "index_key": "r13",
          "schema_version": 0,
          "attributes": {
            "asn": "65000",
            "bgp_graceful_restart": true,
            "bgp_update_delay": 200,
            "default_ipv4_unicast": false,
            "delete_mode": null,
            "device": "r13",
            "id": "Cisco-IOS-XE-native:native/router/Cisco-IOS-XE-bgp:bgp=65000",
            "log_neighbor_changes": true,
            "router_id_ip": "100.100.100.13",
            "router_id_loopback": null
          },
          "sensitive_attributes": [],
          "identity_schema_version": 0,
          "private": "eyJpbXBvcnRpbmciOiJNQT09In0=",
          "dependencies": [
            "module.ethernet_interface.iosxe_interface_ethernet.r_ge2",
            "module.loopback_interface.iosxe_interface_loopback.r1_loopback0",
            "module.loopback_interface.iosxe_interface_loopback.r1_loopback1",
            "module.ospf.iosxe_ospf.r_ospf"
          ]
        },
        {
          "index_key": "r14",
          "schema_version": 0,
          "attributes": {
            "asn": "65000",
            "bgp_graceful_restart": true,
            "bgp_update_delay": 200,
            "default_ipv4_unicast": false,
            "delete_mode": null,
            "device": "r14",
            "id": "Cisco-IOS-XE-native:native/router/Cisco-IOS-XE-bgp:bgp=65000",
            "log_neighbor_changes": true,
            "router_id_ip": "100.100.100.14",
            "router_id_loopback": null
          },
          "sensitive_attributes": [],
          "identity_schema_version": 0,
          "private": "eyJpbXBvcnRpbmciOiJNQT09In0=",
          "dependencies": [
            "module.ethernet_interface.iosxe_interface_ethernet.r_ge2",
            "module.loopback_interface.iosxe_interface_loopback.r1_loopback0",
            "module.loopback_interface.iosxe_interface_loopback.r1_loopback1",
            "module.ospf.iosxe_ospf.r_ospf"
          ]
        },
        {
          "index_key": "r15",
          "schema_version": 0,
          "attributes": {
            "asn": "65000",
            "bgp_graceful_restart": true,
            "bgp_update_delay": 200,
            "default_ipv4_unicast": false,
            "delete_mode": null,
            "device": "r15",
            "id": "Cisco-IOS-XE-native:native/router/Cisco-IOS-XE-bgp:bgp=65000",
            "log_neighbor_changes": true,
            "router_id_ip": "100.100.100.15",
            "router_id_loopback": null
          },
          "sensitive_attributes": [],
          "identity_schema_version": 0,
          "private": "eyJpbXBvcnRpbmciOiJNQT09In0=",
          "dependencies": [
            "module.ethernet_interface.iosxe_interface_ethernet.r_ge2",
            "module.loopback_interface.iosxe_interface_loopback.r1_loopback0",
            "module.loopback_interface.iosxe_interface_loopback.r1_loopback1",
            "module.ospf.iosxe_ospf.r_ospf"
          ]
        }
      ]
    },
    {
      "module": "module.ethernet_interface",
      "mode": "managed",
      "type": "iosxe_interface_ethernet",
      "name": "r_ge2",
      "provider": "provider[\"registry.terraform.io/ciscodevnet/iosxe\"]",
      "instances": [
        {
          "index_key": "r10",
          "schema_version": 0,
          "attributes": {
            "arp_timeout": null,
            "authentication_event_fail_action_authorize_vlan": null,
            "authentication_event_fail_action_next_method": null,
            "authentication_event_linksec_fail_action_next_method": null,
            "authentication_event_no_response_action_authorize_vlan": null,
            "authentication_event_server_alive_action_reinitialize": null,
            "authentication_event_server_dead_action_authorize": null,
            "authentication_event_server_dead_action_authorize_vlan": null,
            "authentication_event_server_dead_action_authorize_voice": null,
            "authentication_event_server_dead_action_reinitialize_vlan": null,
            "authentication_host_mode": null,
            "authentication_order_dot1x": null,
            "authentication_order_dot1x_mab": null,
            "authentication_order_dot1x_webauth": null,
            "authentication_order_mab": null,
            "authentication_order_mab_dot1x": null,
            "authentication_order_mab_webauth": null,
            "authentication_order_webauth": null,
            "authentication_periodic": null,
            "authentication_port_control": null,
            "authentication_priority_dot1x": null,
            "authentication_priority_dot1x_mab": null,
            "authentication_priority_dot1x_webauth": null,
            "authentication_priority_mab": null,
            "authentication_priority_mab_dot1x": null,
            "authentication_priority_mab_webauth": null,
            "authentication_priority_webauth": null,
            "authentication_timer_reauthenticate": null,
            "authentication_timer_reauthenticate_server": null,
            "auto_qos_classify": null,
            "auto_qos_classify_police": null,
            "auto_qos_trust": null,
            "auto_qos_trust_cos": null,
            "auto_qos_trust_dscp": null,
            "auto_qos_video_cts": null,
            "auto_qos_video_ip_camera": null,
            "auto_qos_video_media_player": null,
            "auto_qos_voip": null,
            "auto_qos_voip_cisco_phone": null,
            "auto_qos_voip_cisco_softphone": null,
            "auto_qos_voip_trust": null,
            "bandwidth": null,
            "bfd_echo": null,
            "bfd_enable": null,
            "bfd_interval": null,
            "bfd_interval_min_rx": null,
            "bfd_interval_multiplier": null,
            "bfd_local_address": null,
            "bfd_template": null,
            "bpduguard_disable": null,
            "bpduguard_enable": null,
            "carrier_delay_msec": null,
            "cdp_enable": null,
            "cdp_tlv_app": null,
            "cdp_tlv_location": null,
            "cdp_tlv_server_location": null,
            "channel_group_mode": null,
            "channel_group_number": null,
            "description": "LAN inside - Router1 - Terraform",
            "device": "r10",
            "device_tracking": null,
            "device_tracking_attached_policies": null,
            "dot1x_max_reauth_req": null,
            "dot1x_max_req": null,
            "dot1x_pae": null,
            "dot1x_timeout_auth_period": null,
            "dot1x_timeout_held_period": null,
            "dot1x_timeout_quiet_period": null,
            "dot1x_timeout_ratelimit_period": null,
            "dot1x_timeout_server_timeout": null,
            "dot1x_timeout_start_period": null,
            "dot1x_timeout_supp_timeout": null,
            "dot1x_timeout_tx_period": null,
            "encapsulation_dot1q_vlan_id": null,
            "evpn_ethernet_segments": null,
            "helper_addresses": null,
            "hold_queues": null,
            "id": "Cisco-IOS-XE-native:native/interface/GigabitEthernet=2",
            "ip_access_group_in": null,
            "ip_access_group_in_enable": null,
            "ip_access_group_out": null,
            "ip_access_group_out_enable": null,
            "ip_arp_inspection_limit_rate": null,
            "ip_arp_inspection_trust": null,
            "ip_dhcp_relay_information_option_vpn_id": null,
            "ip_dhcp_relay_source_interface": null,
            "ip_dhcp_snooping_trust": null,
            "ip_flow_monitors": null,
            "ip_igmp_version": null,
            "ip_nat_inside": false,
            "ip_nat_outside": null,
            "ip_nbar_protocol_discovery": null,
            "ip_proxy_arp": null,
            "ip_redirects": null,
            "ip_router_isis": null,
            "ip_unreachables": null,
            "ipv4_address": "192.168.10.10",
            "ipv4_address_mask": "255.255.255.0",
            "ipv6_address_autoconfig_default": null,
            "ipv6_address_dhcp": null,
            "ipv6_addresses": null,
            "ipv6_enable": null,
            "ipv6_flow_monitors": null,
            "ipv6_link_local_addresses": null,
            "ipv6_mtu": null,
            "ipv6_nd_ra_suppress_all": null,
            "load_interval": null,
            "logging_event_link_status_enable": null,
            "mab": null,
            "mab_eap": null,
            "media_type": null,
            "mtu": null,
            "name": "2",
            "negotiation_auto": null,
            "service_instances": null,
            "service_policy_input": null,
            "service_policy_output": null,
            "shutdown": false,
            "snmp_trap_link_status": null,
            "source_template": null,
            "spanning_tree_guard": null,
            "spanning_tree_link_type": null,
            "spanning_tree_portfast": null,
            "spanning_tree_portfast_disable": null,
            "spanning_tree_portfast_edge": null,
            "spanning_tree_portfast_trunk": null,
            "speed_100": null,
            "speed_1000": null,
            "speed_10000": null,
            "speed_100000": null,
            "speed_2500": null,
            "speed_25000": null,
            "speed_40000": null,
            "speed_5000": null,
            "speed_nonegotiate": null,
            "switchport": null,
            "trust_device": null,
            "type": "GigabitEthernet",
            "unnumbered": null,
            "vrf_forwarding": null
          },
          "sensitive_attributes": [],
          "identity_schema_version": 0,
          "private": "eyJpbXBvcnRpbmciOiJNQT09In0="
        },
        {
          "index_key": "r11",
          "schema_version": 0,
          "attributes": {
            "arp_timeout": null,
            "authentication_event_fail_action_authorize_vlan": null,
            "authentication_event_fail_action_next_method": null,
            "authentication_event_linksec_fail_action_next_method": null,
            "authentication_event_no_response_action_authorize_vlan": null,
            "authentication_event_server_alive_action_reinitialize": null,
            "authentication_event_server_dead_action_authorize": null,
            "authentication_event_server_dead_action_authorize_vlan": null,
            "authentication_event_server_dead_action_authorize_voice": null,
            "authentication_event_server_dead_action_reinitialize_vlan": null,
            "authentication_host_mode": null,
            "authentication_order_dot1x": null,
            "authentication_order_dot1x_mab": null,
            "authentication_order_dot1x_webauth": null,
            "authentication_order_mab": null,
            "authentication_order_mab_dot1x": null,
            "authentication_order_mab_webauth": null,
            "authentication_order_webauth": null,
            "authentication_periodic": null,
            "authentication_port_control": null,
            "authentication_priority_dot1x": null,
            "authentication_priority_dot1x_mab": null,
            "authentication_priority_dot1x_webauth": null,
            "authentication_priority_mab": null,
            "authentication_priority_mab_dot1x": null,
            "authentication_priority_mab_webauth": null,
            "authentication_priority_webauth": null,
            "authentication_timer_reauthenticate": null,
            "authentication_timer_reauthenticate_server": null,
            "auto_qos_classify": null,
            "auto_qos_classify_police": null,
            "auto_qos_trust": null,
            "auto_qos_trust_cos": null,
            "auto_qos_trust_dscp": null,
            "auto_qos_video_cts": null,
            "auto_qos_video_ip_camera": null,
            "auto_qos_video_media_player": null,
            "auto_qos_voip": null,
            "auto_qos_voip_cisco_phone": null,
            "auto_qos_voip_cisco_softphone": null,
            "auto_qos_voip_trust": null,
            "bandwidth": null,
            "bfd_echo": null,
            "bfd_enable": null,
            "bfd_interval": null,
            "bfd_interval_min_rx": null,
            "bfd_interval_multiplier": null,
            "bfd_local_address": null,
            "bfd_template": null,
            "bpduguard_disable": null,
            "bpduguard_enable": null,
            "carrier_delay_msec": null,
            "cdp_enable": null,
            "cdp_tlv_app": null,
            "cdp_tlv_location": null,
            "cdp_tlv_server_location": null,
            "channel_group_mode": null,
            "channel_group_number": null,
            "description": "LAN inside - Router1 - Terraform",
            "device": "r11",
            "device_tracking": null,
            "device_tracking_attached_policies": null,
            "dot1x_max_reauth_req": null,
            "dot1x_max_req": null,
            "dot1x_pae": null,
            "dot1x_timeout_auth_period": null,
            "dot1x_timeout_held_period": null,
            "dot1x_timeout_quiet_period": null,
            "dot1x_timeout_ratelimit_period": null,
            "dot1x_timeout_server_timeout": null,
            "dot1x_timeout_start_period": null,
            "dot1x_timeout_supp_timeout": null,
            "dot1x_timeout_tx_period": null,
            "encapsulation_dot1q_vlan_id": null,
            "evpn_ethernet_segments": null,
            "helper_addresses": null,
            "hold_queues": null,
            "id": "Cisco-IOS-XE-native:native/interface/GigabitEthernet=2",
            "ip_access_group_in": null,
            "ip_access_group_in_enable": null,
            "ip_access_group_out": null,
            "ip_access_group_out_enable": null,
            "ip_arp_inspection_limit_rate": null,
            "ip_arp_inspection_trust": null,
            "ip_dhcp_relay_information_option_vpn_id": null,
            "ip_dhcp_relay_source_interface": null,
            "ip_dhcp_snooping_trust": null,
            "ip_flow_monitors": null,
            "ip_igmp_version": null,
            "ip_nat_inside": false,
            "ip_nat_outside": null,
            "ip_nbar_protocol_discovery": null,
            "ip_proxy_arp": null,
            "ip_redirects": null,
            "ip_router_isis": null,
            "ip_unreachables": null,
            "ipv4_address": "192.168.10.11",
            "ipv4_address_mask": "255.255.255.0",
            "ipv6_address_autoconfig_default": null,
            "ipv6_address_dhcp": null,
            "ipv6_addresses": null,
            "ipv6_enable": null,
            "ipv6_flow_monitors": null,
            "ipv6_link_local_addresses": null,
            "ipv6_mtu": null,
            "ipv6_nd_ra_suppress_all": null,
            "load_interval": null,
            "logging_event_link_status_enable": null,
            "mab": null,
            "mab_eap": null,
            "media_type": null,
            "mtu": null,
            "name": "2",
            "negotiation_auto": null,
            "service_instances": null,
            "service_policy_input": null,
            "service_policy_output": null,
            "shutdown": false,
            "snmp_trap_link_status": null,
            "source_template": null,
            "spanning_tree_guard": null,
            "spanning_tree_link_type": null,
            "spanning_tree_portfast": null,
            "spanning_tree_portfast_disable": null,
            "spanning_tree_portfast_edge": null,
            "spanning_tree_portfast_trunk": null,
            "speed_100": null,
            "speed_1000": null,
            "speed_10000": null,
            "speed_100000": null,
            "speed_2500": null,
            "speed_25000": null,
            "speed_40000": null,
            "speed_5000": null,
            "speed_nonegotiate": null,
            "switchport": null,
            "trust_device": null,
            "type": "GigabitEthernet",
            "unnumbered": null,
            "vrf_forwarding": null
          },
          "sensitive_attributes": [],
          "identity_schema_version": 0,
          "private": "eyJpbXBvcnRpbmciOiJNQT09In0="
        },
        {
          "index_key": "r12",
          "schema_version": 0,
          "attributes": {
            "arp_timeout": null,
            "authentication_event_fail_action_authorize_vlan": null,
            "authentication_event_fail_action_next_method": null,
            "authentication_event_linksec_fail_action_next_method": null,
            "authentication_event_no_response_action_authorize_vlan": null,
            "authentication_event_server_alive_action_reinitialize": null,
            "authentication_event_server_dead_action_authorize": null,
            "authentication_event_server_dead_action_authorize_vlan": null,
            "authentication_event_server_dead_action_authorize_voice": null,
            "authentication_event_server_dead_action_reinitialize_vlan": null,
            "authentication_host_mode": null,
            "authentication_order_dot1x": null,
            "authentication_order_dot1x_mab": null,
            "authentication_order_dot1x_webauth": null,
            "authentication_order_mab": null,
            "authentication_order_mab_dot1x": null,
            "authentication_order_mab_webauth": null,
            "authentication_order_webauth": null,
            "authentication_periodic": null,
            "authentication_port_control": null,
            "authentication_priority_dot1x": null,
            "authentication_priority_dot1x_mab": null,
            "authentication_priority_dot1x_webauth": null,
            "authentication_priority_mab": null,
            "authentication_priority_mab_dot1x": null,
            "authentication_priority_mab_webauth": null,
            "authentication_priority_webauth": null,
            "authentication_timer_reauthenticate": null,
            "authentication_timer_reauthenticate_server": null,
            "auto_qos_classify": null,
            "auto_qos_classify_police": null,
            "auto_qos_trust": null,
            "auto_qos_trust_cos": null,
            "auto_qos_trust_dscp": null,
            "auto_qos_video_cts": null,
            "auto_qos_video_ip_camera": null,
            "auto_qos_video_media_player": null,
            "auto_qos_voip": null,
            "auto_qos_voip_cisco_phone": null,
            "auto_qos_voip_cisco_softphone": null,
            "auto_qos_voip_trust": null,
            "bandwidth": null,
            "bfd_echo": null,
            "bfd_enable": null,
            "bfd_interval": null,
            "bfd_interval_min_rx": null,
            "bfd_interval_multiplier": null,
            "bfd_local_address": null,
            "bfd_template": null,
            "bpduguard_disable": null,
            "bpduguard_enable": null,
            "carrier_delay_msec": null,
            "cdp_enable": null,
            "cdp_tlv_app": null,
            "cdp_tlv_location": null,
            "cdp_tlv_server_location": null,
            "channel_group_mode": null,
            "channel_group_number": null,
            "description": "LAN inside - Router1 - Terraform",
            "device": "r12",
            "device_tracking": null,
            "device_tracking_attached_policies": null,
            "dot1x_max_reauth_req": null,
            "dot1x_max_req": null,
            "dot1x_pae": null,
            "dot1x_timeout_auth_period": null,
            "dot1x_timeout_held_period": null,
            "dot1x_timeout_quiet_period": null,
            "dot1x_timeout_ratelimit_period": null,
            "dot1x_timeout_server_timeout": null,
            "dot1x_timeout_start_period": null,
            "dot1x_timeout_supp_timeout": null,
            "dot1x_timeout_tx_period": null,
            "encapsulation_dot1q_vlan_id": null,
            "evpn_ethernet_segments": null,
            "helper_addresses": null,
            "hold_queues": null,
            "id": "Cisco-IOS-XE-native:native/interface/GigabitEthernet=2",
            "ip_access_group_in": null,
            "ip_access_group_in_enable": null,
            "ip_access_group_out": null,
            "ip_access_group_out_enable": null,
            "ip_arp_inspection_limit_rate": null,
            "ip_arp_inspection_trust": null,
            "ip_dhcp_relay_information_option_vpn_id": null,
            "ip_dhcp_relay_source_interface": null,
            "ip_dhcp_snooping_trust": null,
            "ip_flow_monitors": null,
            "ip_igmp_version": null,
            "ip_nat_inside": false,
            "ip_nat_outside": null,
            "ip_nbar_protocol_discovery": null,
            "ip_proxy_arp": null,
            "ip_redirects": null,
            "ip_router_isis": null,
            "ip_unreachables": null,
            "ipv4_address": "192.168.10.12",
            "ipv4_address_mask": "255.255.255.0",
            "ipv6_address_autoconfig_default": null,
            "ipv6_address_dhcp": null,
            "ipv6_addresses": null,
            "ipv6_enable": null,
            "ipv6_flow_monitors": null,
            "ipv6_link_local_addresses": null,
            "ipv6_mtu": null,
            "ipv6_nd_ra_suppress_all": null,
            "load_interval": null,
            "logging_event_link_status_enable": null,
            "mab": null,
            "mab_eap": null,
            "media_type": null,
            "mtu": null,
            "name": "2",
            "negotiation_auto": null,
            "service_instances": null,
            "service_policy_input": null,
            "service_policy_output": null,
            "shutdown": false,
            "snmp_trap_link_status": null,
            "source_template": null,
            "spanning_tree_guard": null,
            "spanning_tree_link_type": null,
            "spanning_tree_portfast": null,
            "spanning_tree_portfast_disable": null,
            "spanning_tree_portfast_edge": null,
            "spanning_tree_portfast_trunk": null,
            "speed_100": null,
            "speed_1000": null,
            "speed_10000": null,
            "speed_100000": null,
            "speed_2500": null,
            "speed_25000": null,
            "speed_40000": null,
            "speed_5000": null,
            "speed_nonegotiate": null,
            "switchport": null,
            "trust_device": null,
            "type": "GigabitEthernet",
            "unnumbered": null,
            "vrf_forwarding": null
          },
          "sensitive_attributes": [],
          "identity_schema_version": 0,
          "private": "eyJpbXBvcnRpbmciOiJNQT09In0="
        },
        {
          "index_key": "r13",
          "schema_version": 0,
          "attributes": {
            "arp_timeout": null,
            "authentication_event_fail_action_authorize_vlan": null,
            "authentication_event_fail_action_next_method": null,
            "authentication_event_linksec_fail_action_next_method": null,
            "authentication_event_no_response_action_authorize_vlan": null,
            "authentication_event_server_alive_action_reinitialize": null,
            "authentication_event_server_dead_action_authorize": null,
            "authentication_event_server_dead_action_authorize_vlan": null,
            "authentication_event_server_dead_action_authorize_voice": null,
            "authentication_event_server_dead_action_reinitialize_vlan": null,
            "authentication_host_mode": null,
            "authentication_order_dot1x": null,
            "authentication_order_dot1x_mab": null,
            "authentication_order_dot1x_webauth": null,
            "authentication_order_mab": null,
            "authentication_order_mab_dot1x": null,
            "authentication_order_mab_webauth": null,
            "authentication_order_webauth": null,
            "authentication_periodic": null,
            "authentication_port_control": null,
            "authentication_priority_dot1x": null,
            "authentication_priority_dot1x_mab": null,
            "authentication_priority_dot1x_webauth": null,
            "authentication_priority_mab": null,
            "authentication_priority_mab_dot1x": null,
            "authentication_priority_mab_webauth": null,
            "authentication_priority_webauth": null,
            "authentication_timer_reauthenticate": null,
            "authentication_timer_reauthenticate_server": null,
            "auto_qos_classify": null,
            "auto_qos_classify_police": null,
            "auto_qos_trust": null,
            "auto_qos_trust_cos": null,
            "auto_qos_trust_dscp": null,
            "auto_qos_video_cts": null,
            "auto_qos_video_ip_camera": null,
            "auto_qos_video_media_player": null,
            "auto_qos_voip": null,
            "auto_qos_voip_cisco_phone": null,
            "auto_qos_voip_cisco_softphone": null,
            "auto_qos_voip_trust": null,
            "bandwidth": null,
            "bfd_echo": null,
            "bfd_enable": null,
            "bfd_interval": null,
            "bfd_interval_min_rx": null,
            "bfd_interval_multiplier": null,
            "bfd_local_address": null,
            "bfd_template": null,
            "bpduguard_disable": null,
            "bpduguard_enable": null,
            "carrier_delay_msec": null,
            "cdp_enable": null,
            "cdp_tlv_app": null,
            "cdp_tlv_location": null,
            "cdp_tlv_server_location": null,
            "channel_group_mode": null,
            "channel_group_number": null,
            "description": "LAN inside - Router1 - Terraform",
            "device": "r13",
            "device_tracking": null,
            "device_tracking_attached_policies": null,
            "dot1x_max_reauth_req": null,
            "dot1x_max_req": null,
            "dot1x_pae": null,
            "dot1x_timeout_auth_period": null,
            "dot1x_timeout_held_period": null,
            "dot1x_timeout_quiet_period": null,
            "dot1x_timeout_ratelimit_period": null,
            "dot1x_timeout_server_timeout": null,
            "dot1x_timeout_start_period": null,
            "dot1x_timeout_supp_timeout": null,
            "dot1x_timeout_tx_period": null,
            "encapsulation_dot1q_vlan_id": null,
            "evpn_ethernet_segments": null,
            "helper_addresses": null,
            "hold_queues": null,
            "id": "Cisco-IOS-XE-native:native/interface/GigabitEthernet=2",
            "ip_access_group_in": null,
            "ip_access_group_in_enable": null,
            "ip_access_group_out": null,
            "ip_access_group_out_enable": null,
            "ip_arp_inspection_limit_rate": null,
            "ip_arp_inspection_trust": null,
            "ip_dhcp_relay_information_option_vpn_id": null,
            "ip_dhcp_relay_source_interface": null,
            "ip_dhcp_snooping_trust": null,
            "ip_flow_monitors": null,
            "ip_igmp_version": null,
            "ip_nat_inside": false,
            "ip_nat_outside": null,
            "ip_nbar_protocol_discovery": null,
            "ip_proxy_arp": null,
            "ip_redirects": null,
            "ip_router_isis": null,
            "ip_unreachables": null,
            "ipv4_address": "192.168.10.13",
            "ipv4_address_mask": "255.255.255.0",
            "ipv6_address_autoconfig_default": null,
            "ipv6_address_dhcp": null,
            "ipv6_addresses": null,
            "ipv6_enable": null,
            "ipv6_flow_monitors": null,
            "ipv6_link_local_addresses": null,
            "ipv6_mtu": null,
            "ipv6_nd_ra_suppress_all": null,
            "load_interval": null,
            "logging_event_link_status_enable": null,
            "mab": null,
            "mab_eap": null,
            "media_type": null,
            "mtu": null,
            "name": "2",
            "negotiation_auto": null,
            "service_instances": null,
            "service_policy_input": null,
            "service_policy_output": null,
            "shutdown": false,
            "snmp_trap_link_status": null,
            "source_template": null,
            "spanning_tree_guard": null,
            "spanning_tree_link_type": null,
            "spanning_tree_portfast": null,
            "spanning_tree_portfast_disable": null,
            "spanning_tree_portfast_edge": null,
            "spanning_tree_portfast_trunk": null,
            "speed_100": null,
            "speed_1000": null,
            "speed_10000": null,
            "speed_100000": null,
            "speed_2500": null,
            "speed_25000": null,
            "speed_40000": null,
            "speed_5000": null,
            "speed_nonegotiate": null,
            "switchport": null,
            "trust_device": null,
            "type": "GigabitEthernet",
            "unnumbered": null,
            "vrf_forwarding": null
          },
          "sensitive_attributes": [],
          "identity_schema_version": 0,
          "private": "eyJpbXBvcnRpbmciOiJNQT09In0="
        },
        {
          "index_key": "r14",
          "schema_version": 0,
          "attributes": {
            "arp_timeout": null,
            "authentication_event_fail_action_authorize_vlan": null,
            "authentication_event_fail_action_next_method": null,
            "authentication_event_linksec_fail_action_next_method": null,
            "authentication_event_no_response_action_authorize_vlan": null,
            "authentication_event_server_alive_action_reinitialize": null,
            "authentication_event_server_dead_action_authorize": null,
            "authentication_event_server_dead_action_authorize_vlan": null,
            "authentication_event_server_dead_action_authorize_voice": null,
            "authentication_event_server_dead_action_reinitialize_vlan": null,
            "authentication_host_mode": null,
            "authentication_order_dot1x": null,
            "authentication_order_dot1x_mab": null,
            "authentication_order_dot1x_webauth": null,
            "authentication_order_mab": null,
            "authentication_order_mab_dot1x": null,
            "authentication_order_mab_webauth": null,
            "authentication_order_webauth": null,
            "authentication_periodic": null,
            "authentication_port_control": null,
            "authentication_priority_dot1x": null,
            "authentication_priority_dot1x_mab": null,
            "authentication_priority_dot1x_webauth": null,
            "authentication_priority_mab": null,
            "authentication_priority_mab_dot1x": null,
            "authentication_priority_mab_webauth": null,
            "authentication_priority_webauth": null,
            "authentication_timer_reauthenticate": null,
            "authentication_timer_reauthenticate_server": null,
            "auto_qos_classify": null,
            "auto_qos_classify_police": null,
            "auto_qos_trust": null,
            "auto_qos_trust_cos": null,
            "auto_qos_trust_dscp": null,
            "auto_qos_video_cts": null,
            "auto_qos_video_ip_camera": null,
            "auto_qos_video_media_player": null,
            "auto_qos_voip": null,
            "auto_qos_voip_cisco_phone": null,
            "auto_qos_voip_cisco_softphone": null,
            "auto_qos_voip_trust": null,
            "bandwidth": null,
            "bfd_echo": null,
            "bfd_enable": null,
            "bfd_interval": null,
            "bfd_interval_min_rx": null,
            "bfd_interval_multiplier": null,
            "bfd_local_address": null,
            "bfd_template": null,
            "bpduguard_disable": null,
            "bpduguard_enable": null,
            "carrier_delay_msec": null,
            "cdp_enable": null,
            "cdp_tlv_app": null,
            "cdp_tlv_location": null,
            "cdp_tlv_server_location": null,
            "channel_group_mode": null,
            "channel_group_number": null,
            "description": "LAN inside - Router1 - Terraform",
            "device": "r14",
            "device_tracking": null,
            "device_tracking_attached_policies": null,
            "dot1x_max_reauth_req": null,
            "dot1x_max_req": null,
            "dot1x_pae": null,
            "dot1x_timeout_auth_period": null,
            "dot1x_timeout_held_period": null,
            "dot1x_timeout_quiet_period": null,
            "dot1x_timeout_ratelimit_period": null,
            "dot1x_timeout_server_timeout": null,
            "dot1x_timeout_start_period": null,
            "dot1x_timeout_supp_timeout": null,
            "dot1x_timeout_tx_period": null,
            "encapsulation_dot1q_vlan_id": null,
            "evpn_ethernet_segments": null,
            "helper_addresses": null,
            "hold_queues": null,
            "id": "Cisco-IOS-XE-native:native/interface/GigabitEthernet=2",
            "ip_access_group_in": null,
            "ip_access_group_in_enable": null,
            "ip_access_group_out": null,
            "ip_access_group_out_enable": null,
            "ip_arp_inspection_limit_rate": null,
            "ip_arp_inspection_trust": null,
            "ip_dhcp_relay_information_option_vpn_id": null,
            "ip_dhcp_relay_source_interface": null,
            "ip_dhcp_snooping_trust": null,
            "ip_flow_monitors": null,
            "ip_igmp_version": null,
            "ip_nat_inside": false,
            "ip_nat_outside": null,
            "ip_nbar_protocol_discovery": null,
            "ip_proxy_arp": null,
            "ip_redirects": null,
            "ip_router_isis": null,
            "ip_unreachables": null,
            "ipv4_address": "192.168.10.14",
            "ipv4_address_mask": "255.255.255.0",
            "ipv6_address_autoconfig_default": null,
            "ipv6_address_dhcp": null,
            "ipv6_addresses": null,
            "ipv6_enable": null,
            "ipv6_flow_monitors": null,
            "ipv6_link_local_addresses": null,
            "ipv6_mtu": null,
            "ipv6_nd_ra_suppress_all": null,
            "load_interval": null,
            "logging_event_link_status_enable": null,
            "mab": null,
            "mab_eap": null,
            "media_type": null,
            "mtu": null,
            "name": "2",
            "negotiation_auto": null,
            "service_instances": null,
            "service_policy_input": null,
            "service_policy_output": null,
            "shutdown": false,
            "snmp_trap_link_status": null,
            "source_template": null,
            "spanning_tree_guard": null,
            "spanning_tree_link_type": null,
            "spanning_tree_portfast": null,
            "spanning_tree_portfast_disable": null,
            "spanning_tree_portfast_edge": null,
            "spanning_tree_portfast_trunk": null,
            "speed_100": null,
            "speed_1000": null,
            "speed_10000": null,
            "speed_100000": null,
            "speed_2500": null,
            "speed_25000": null,
            "speed_40000": null,
            "speed_5000": null,
            "speed_nonegotiate": null,
            "switchport": null,
            "trust_device": null,
            "type": "GigabitEthernet",
            "unnumbered": null,
            "vrf_forwarding": null
          },
          "sensitive_attributes": [],
          "identity_schema_version": 0,
          "private": "eyJpbXBvcnRpbmciOiJNQT09In0="
        },
        {
          "index_key": "r15",
          "schema_version": 0,
          "attributes": {
            "arp_timeout": null,
            "authentication_event_fail_action_authorize_vlan": null,
            "authentication_event_fail_action_next_method": null,
            "authentication_event_linksec_fail_action_next_method": null,
            "authentication_event_no_response_action_authorize_vlan": null,
            "authentication_event_server_alive_action_reinitialize": null,
            "authentication_event_server_dead_action_authorize": null,
            "authentication_event_server_dead_action_authorize_vlan": null,
            "authentication_event_server_dead_action_authorize_voice": null,
            "authentication_event_server_dead_action_reinitialize_vlan": null,
            "authentication_host_mode": null,
            "authentication_order_dot1x": null,
            "authentication_order_dot1x_mab": null,
            "authentication_order_dot1x_webauth": null,
            "authentication_order_mab": null,
            "authentication_order_mab_dot1x": null,
            "authentication_order_mab_webauth": null,
            "authentication_order_webauth": null,
            "authentication_periodic": null,
            "authentication_port_control": null,
            "authentication_priority_dot1x": null,
            "authentication_priority_dot1x_mab": null,
            "authentication_priority_dot1x_webauth": null,
            "authentication_priority_mab": null,
            "authentication_priority_mab_dot1x": null,
            "authentication_priority_mab_webauth": null,
            "authentication_priority_webauth": null,
            "authentication_timer_reauthenticate": null,
            "authentication_timer_reauthenticate_server": null,
            "auto_qos_classify": null,
            "auto_qos_classify_police": null,
            "auto_qos_trust": null,
            "auto_qos_trust_cos": null,
            "auto_qos_trust_dscp": null,
            "auto_qos_video_cts": null,
            "auto_qos_video_ip_camera": null,
            "auto_qos_video_media_player": null,
            "auto_qos_voip": null,
            "auto_qos_voip_cisco_phone": null,
            "auto_qos_voip_cisco_softphone": null,
            "auto_qos_voip_trust": null,
            "bandwidth": null,
            "bfd_echo": null,
            "bfd_enable": null,
            "bfd_interval": null,
            "bfd_interval_min_rx": null,
            "bfd_interval_multiplier": null,
            "bfd_local_address": null,
            "bfd_template": null,
            "bpduguard_disable": null,
            "bpduguard_enable": null,
            "carrier_delay_msec": null,
            "cdp_enable": null,
            "cdp_tlv_app": null,
            "cdp_tlv_location": null,
            "cdp_tlv_server_location": null,
            "channel_group_mode": null,
            "channel_group_number": null,
            "description": "LAN inside - Router1 - Terraform",
            "device": "r15",
            "device_tracking": null,
            "device_tracking_attached_policies": null,
            "dot1x_max_reauth_req": null,
            "dot1x_max_req": null,
            "dot1x_pae": null,
            "dot1x_timeout_auth_period": null,
            "dot1x_timeout_held_period": null,
            "dot1x_timeout_quiet_period": null,
            "dot1x_timeout_ratelimit_period": null,
            "dot1x_timeout_server_timeout": null,
            "dot1x_timeout_start_period": null,
            "dot1x_timeout_supp_timeout": null,
            "dot1x_timeout_tx_period": null,
            "encapsulation_dot1q_vlan_id": null,
            "evpn_ethernet_segments": null,
            "helper_addresses": null,
            "hold_queues": null,
            "id": "Cisco-IOS-XE-native:native/interface/GigabitEthernet=2",
            "ip_access_group_in": null,
            "ip_access_group_in_enable": null,
            "ip_access_group_out": null,
            "ip_access_group_out_enable": null,
            "ip_arp_inspection_limit_rate": null,
            "ip_arp_inspection_trust": null,
            "ip_dhcp_relay_information_option_vpn_id": null,
            "ip_dhcp_relay_source_interface": null,
            "ip_dhcp_snooping_trust": null,
            "ip_flow_monitors": null,
            "ip_igmp_version": null,
            "ip_nat_inside": false,
            "ip_nat_outside": null,
            "ip_nbar_protocol_discovery": null,
            "ip_proxy_arp": null,
            "ip_redirects": null,
            "ip_router_isis": null,
            "ip_unreachables": null,
            "ipv4_address": "192.168.10.15",
            "ipv4_address_mask": "255.255.255.0",
            "ipv6_address_autoconfig_default": null,
            "ipv6_address_dhcp": null,
            "ipv6_addresses": null,
            "ipv6_enable": null,
            "ipv6_flow_monitors": null,
            "ipv6_link_local_addresses": null,
            "ipv6_mtu": null,
            "ipv6_nd_ra_suppress_all": null,
            "load_interval": null,
            "logging_event_link_status_enable": null,
            "mab": null,
            "mab_eap": null,
            "media_type": null,
            "mtu": null,
            "name": "2",
            "negotiation_auto": null,
            "service_instances": null,
            "service_policy_input": null,
            "service_policy_output": null,
            "shutdown": false,
            "snmp_trap_link_status": null,
            "source_template": null,
            "spanning_tree_guard": null,
            "spanning_tree_link_type": null,
            "spanning_tree_portfast": null,
            "spanning_tree_portfast_disable": null,
            "spanning_tree_portfast_edge": null,
            "spanning_tree_portfast_trunk": null,
            "speed_100": null,
            "speed_1000": null,
            "speed_10000": null,
            "speed_100000": null,
            "speed_2500": null,
            "speed_25000": null,
            "speed_40000": null,
            "speed_5000": null,
            "speed_nonegotiate": null,
            "switchport": null,
            "trust_device": null,
            "type": "GigabitEthernet",
            "unnumbered": null,
            "vrf_forwarding": null
          },
          "sensitive_attributes": [],
          "identity_schema_version": 0,
          "private": "eyJpbXBvcnRpbmciOiJNQT09In0="
        }
      ]
    },
    {
      "module": "module.loopback_interface",
      "mode": "managed",
      "type": "iosxe_interface_loopback",
      "name": "r1_loopback0",
      "provider": "provider[\"registry.terraform.io/ciscodevnet/iosxe\"]",
      "instances": [
        {
          "index_key": "r10",
          "schema_version": 0,
          "attributes": {
            "arp_timeout": null,
            "delete_mode": null,
            "description": "loopback 0 OSPF",
            "device": "r10",
            "id": "Cisco-IOS-XE-native:native/interface/Loopback=0",
            "ip_access_group_in": null,
            "ip_access_group_in_enable": null,
            "ip_access_group_out": null,
            "ip_access_group_out_enable": null,
            "ip_igmp_version": null,
            "ip_nat_inside": null,
            "ip_nat_outside": null,
            "ip_proxy_arp": null,
            "ip_redirects": null,
            "ip_router_isis": null,
            "ip_unreachables": null,
            "ipv4_address": "100.100.100.10",
            "ipv4_address_mask": "255.255.255.255",
            "ipv6_address_autoconfig_default": null,
            "ipv6_address_dhcp": null,
            "ipv6_addresses": null,
            "ipv6_enable": null,
            "ipv6_link_local_addresses": null,
            "ipv6_mtu": null,
            "ipv6_nd_ra_suppress_all": null,
            "name": 0,
            "shutdown": false,
            "vrf_forwarding": null
          },
          "sensitive_attributes": [],
          "identity_schema_version": 0,
          "private": "eyJpbXBvcnRpbmciOiJNQT09In0="
        },
        {
          "index_key": "r11",
          "schema_version": 0,
          "attributes": {
            "arp_timeout": null,
            "delete_mode": null,
            "description": "loopback 0 OSPF",
            "device": "r11",
            "id": "Cisco-IOS-XE-native:native/interface/Loopback=0",
            "ip_access_group_in": null,
            "ip_access_group_in_enable": null,
            "ip_access_group_out": null,
            "ip_access_group_out_enable": null,
            "ip_igmp_version": null,
            "ip_nat_inside": null,
            "ip_nat_outside": null,
            "ip_proxy_arp": null,
            "ip_redirects": null,
            "ip_router_isis": null,
            "ip_unreachables": null,
            "ipv4_address": "100.100.100.11",
            "ipv4_address_mask": "255.255.255.255",
            "ipv6_address_autoconfig_default": null,
            "ipv6_address_dhcp": null,
            "ipv6_addresses": null,
            "ipv6_enable": null,
            "ipv6_link_local_addresses": null,
            "ipv6_mtu": null,
            "ipv6_nd_ra_suppress_all": null,
            "name": 0,
            "shutdown": false,
            "vrf_forwarding": null
          },
          "sensitive_attributes": [],
          "identity_schema_version": 0,
          "private": "eyJpbXBvcnRpbmciOiJNQT09In0="
        },
        {
          "index_key": "r12",
          "schema_version": 0,
          "attributes": {
            "arp_timeout": null,
            "delete_mode": null,
            "description": "loopback 0 OSPF",
            "device": "r12",
            "id": "Cisco-IOS-XE-native:native/interface/Loopback=0",
            "ip_access_group_in": null,
            "ip_access_group_in_enable": null,
            "ip_access_group_out": null,
            "ip_access_group_out_enable": null,
            "ip_igmp_version": null,
            "ip_nat_inside": null,
            "ip_nat_outside": null,
            "ip_proxy_arp": null,
            "ip_redirects": null,
            "ip_router_isis": null,
            "ip_unreachables": null,
            "ipv4_address": "100.100.100.12",
            "ipv4_address_mask": "255.255.255.255",
            "ipv6_address_autoconfig_default": null,
            "ipv6_address_dhcp": null,
            "ipv6_addresses": null,
            "ipv6_enable": null,
            "ipv6_link_local_addresses": null,
            "ipv6_mtu": null,
            "ipv6_nd_ra_suppress_all": null,
            "name": 0,
            "shutdown": false,
            "vrf_forwarding": null
          },
          "sensitive_attributes": [],
          "identity_schema_version": 0,
          "private": "eyJpbXBvcnRpbmciOiJNQT09In0="
        },
        {
          "index_key": "r13",
          "schema_version": 0,
          "attributes": {
            "arp_timeout": null,
            "delete_mode": null,
            "description": "loopback 0 OSPF",
            "device": "r13",
            "id": "Cisco-IOS-XE-native:native/interface/Loopback=0",
            "ip_access_group_in": null,
            "ip_access_group_in_enable": null,
            "ip_access_group_out": null,
            "ip_access_group_out_enable": null,
            "ip_igmp_version": null,
            "ip_nat_inside": null,
            "ip_nat_outside": null,
            "ip_proxy_arp": null,
            "ip_redirects": null,
            "ip_router_isis": null,
            "ip_unreachables": null,
            "ipv4_address": "100.100.100.13",
            "ipv4_address_mask": "255.255.255.255",
            "ipv6_address_autoconfig_default": null,
            "ipv6_address_dhcp": null,
            "ipv6_addresses": null,
            "ipv6_enable": null,
            "ipv6_link_local_addresses": null,
            "ipv6_mtu": null,
            "ipv6_nd_ra_suppress_all": null,
            "name": 0,
            "shutdown": false,
            "vrf_forwarding": null
          },
          "sensitive_attributes": [],
          "identity_schema_version": 0,
          "private": "eyJpbXBvcnRpbmciOiJNQT09In0="
        },
        {
          "index_key": "r14",
          "schema_version": 0,
          "attributes": {
            "arp_timeout": null,
            "delete_mode": null,
            "description": "loopback 0 OSPF",
            "device": "r14",
            "id": "Cisco-IOS-XE-native:native/interface/Loopback=0",
            "ip_access_group_in": null,
            "ip_access_group_in_enable": null,
            "ip_access_group_out": null,
            "ip_access_group_out_enable": null,
            "ip_igmp_version": null,
            "ip_nat_inside": null,
            "ip_nat_outside": null,
            "ip_proxy_arp": null,
            "ip_redirects": null,
            "ip_router_isis": null,
            "ip_unreachables": null,
            "ipv4_address": "100.100.100.14",
            "ipv4_address_mask": "255.255.255.255",
            "ipv6_address_autoconfig_default": null,
            "ipv6_address_dhcp": null,
            "ipv6_addresses": null,
            "ipv6_enable": null,
            "ipv6_link_local_addresses": null,
            "ipv6_mtu": null,
            "ipv6_nd_ra_suppress_all": null,
            "name": 0,
            "shutdown": false,
            "vrf_forwarding": null
          },
          "sensitive_attributes": [],
          "identity_schema_version": 0,
          "private": "eyJpbXBvcnRpbmciOiJNQT09In0="
        },
        {
          "index_key": "r15",
          "schema_version": 0,
          "attributes": {
            "arp_timeout": null,
            "delete_mode": null,
            "description": "loopback 0 OSPF",
            "device": "r15",
            "id": "Cisco-IOS-XE-native:native/interface/Loopback=0",
            "ip_access_group_in": null,
            "ip_access_group_in_enable": null,
            "ip_access_group_out": null,
            "ip_access_group_out_enable": null,
            "ip_igmp_version": null,
            "ip_nat_inside": null,
            "ip_nat_outside": null,
            "ip_proxy_arp": null,
            "ip_redirects": null,
            "ip_router_isis": null,
            "ip_unreachables": null,
            "ipv4_address": "100.100.100.15",
            "ipv4_address_mask": "255.255.255.255",
            "ipv6_address_autoconfig_default": null,
            "ipv6_address_dhcp": null,
            "ipv6_addresses": null,
            "ipv6_enable": null,
            "ipv6_link_local_addresses": null,
            "ipv6_mtu": null,
            "ipv6_nd_ra_suppress_all": null,
            "name": 0,
            "shutdown": false,
            "vrf_forwarding": null
          },
          "sensitive_attributes": [],
          "identity_schema_version": 0,
          "private": "eyJpbXBvcnRpbmciOiJNQT09In0="
        }
      ]
    },
    {
      "module": "module.loopback_interface",
      "mode": "managed",
      "type": "iosxe_interface_loopback",
      "name": "r1_loopback1",
      "provider": "provider[\"registry.terraform.io/ciscodevnet/iosxe\"]",
      "instances": [
        {
          "index_key": "r10",
          "schema_version": 0,
          "attributes": {
            "arp_timeout": null,
            "delete_mode": null,
            "description": "loopback 1 OSPF",
            "device": "r10",
            "id": "Cisco-IOS-XE-native:native/interface/Loopback=1",
            "ip_access_group_in": null,
            "ip_access_group_in_enable": null,
            "ip_access_group_out": null,
            "ip_access_group_out_enable": null,
            "ip_igmp_version": null,
            "ip_nat_inside": null,
            "ip_nat_outside": null,
            "ip_proxy_arp": null,
            "ip_redirects": null,
            "ip_router_isis": null,
            "ip_unreachables": null,
            "ipv4_address": "200.200.200.10",
            "ipv4_address_mask": "255.255.255.255",
            "ipv6_address_autoconfig_default": null,
            "ipv6_address_dhcp": null,
            "ipv6_addresses": null,
            "ipv6_enable": null,
            "ipv6_link_local_addresses": null,
            "ipv6_mtu": null,
            "ipv6_nd_ra_suppress_all": null,
            "name": 1,
            "shutdown": false,
            "vrf_forwarding": null
          },
          "sensitive_attributes": [],
          "identity_schema_version": 0,
          "private": "eyJpbXBvcnRpbmciOiJNQT09In0="
        },
        {
          "index_key": "r11",
          "schema_version": 0,
          "attributes": {
            "arp_timeout": null,
            "delete_mode": null,
            "description": "loopback 1 OSPF",
            "device": "r11",
            "id": "Cisco-IOS-XE-native:native/interface/Loopback=1",
            "ip_access_group_in": null,
            "ip_access_group_in_enable": null,
            "ip_access_group_out": null,
            "ip_access_group_out_enable": null,
            "ip_igmp_version": null,
            "ip_nat_inside": null,
            "ip_nat_outside": null,
            "ip_proxy_arp": null,
            "ip_redirects": null,
            "ip_router_isis": null,
            "ip_unreachables": null,
            "ipv4_address": "200.200.200.11",
            "ipv4_address_mask": "255.255.255.255",
            "ipv6_address_autoconfig_default": null,
            "ipv6_address_dhcp": null,
            "ipv6_addresses": null,
            "ipv6_enable": null,
            "ipv6_link_local_addresses": null,
            "ipv6_mtu": null,
            "ipv6_nd_ra_suppress_all": null,
            "name": 1,
            "shutdown": false,
            "vrf_forwarding": null
          },
          "sensitive_attributes": [],
          "identity_schema_version": 0,
          "private": "eyJpbXBvcnRpbmciOiJNQT09In0="
        },
        {
          "index_key": "r12",
          "schema_version": 0,
          "attributes": {
            "arp_timeout": null,
            "delete_mode": null,
            "description": "loopback 1 OSPF",
            "device": "r12",
            "id": "Cisco-IOS-XE-native:native/interface/Loopback=1",
            "ip_access_group_in": null,
            "ip_access_group_in_enable": null,
            "ip_access_group_out": null,
            "ip_access_group_out_enable": null,
            "ip_igmp_version": null,
            "ip_nat_inside": null,
            "ip_nat_outside": null,
            "ip_proxy_arp": null,
            "ip_redirects": null,
            "ip_router_isis": null,
            "ip_unreachables": null,
            "ipv4_address": "200.200.200.12",
            "ipv4_address_mask": "255.255.255.255",
            "ipv6_address_autoconfig_default": null,
            "ipv6_address_dhcp": null,
            "ipv6_addresses": null,
            "ipv6_enable": null,
            "ipv6_link_local_addresses": null,
            "ipv6_mtu": null,
            "ipv6_nd_ra_suppress_all": null,
            "name": 1,
            "shutdown": false,
            "vrf_forwarding": null
          },
          "sensitive_attributes": [],
          "identity_schema_version": 0,
          "private": "eyJpbXBvcnRpbmciOiJNQT09In0="
        },
        {
          "index_key": "r13",
          "schema_version": 0,
          "attributes": {
            "arp_timeout": null,
            "delete_mode": null,
            "description": "loopback 1 OSPF",
            "device": "r13",
            "id": "Cisco-IOS-XE-native:native/interface/Loopback=1",
            "ip_access_group_in": null,
            "ip_access_group_in_enable": null,
            "ip_access_group_out": null,
            "ip_access_group_out_enable": null,
            "ip_igmp_version": null,
            "ip_nat_inside": null,
            "ip_nat_outside": null,
            "ip_proxy_arp": null,
            "ip_redirects": null,
            "ip_router_isis": null,
            "ip_unreachables": null,
            "ipv4_address": "200.200.200.13",
            "ipv4_address_mask": "255.255.255.255",
            "ipv6_address_autoconfig_default": null,
            "ipv6_address_dhcp": null,
            "ipv6_addresses": null,
            "ipv6_enable": null,
            "ipv6_link_local_addresses": null,
            "ipv6_mtu": null,
            "ipv6_nd_ra_suppress_all": null,
            "name": 1,
            "shutdown": false,
            "vrf_forwarding": null
          },
          "sensitive_attributes": [],
          "identity_schema_version": 0,
          "private": "eyJpbXBvcnRpbmciOiJNQT09In0="
        },
        {
          "index_key": "r14",
          "schema_version": 0,
          "attributes": {
            "arp_timeout": null,
            "delete_mode": null,
            "description": "loopback 1 OSPF",
            "device": "r14",
            "id": "Cisco-IOS-XE-native:native/interface/Loopback=1",
            "ip_access_group_in": null,
            "ip_access_group_in_enable": null,
            "ip_access_group_out": null,
            "ip_access_group_out_enable": null,
            "ip_igmp_version": null,
            "ip_nat_inside": null,
            "ip_nat_outside": null,
            "ip_proxy_arp": null,
            "ip_redirects": null,
            "ip_router_isis": null,
            "ip_unreachables": null,
            "ipv4_address": "200.200.200.14",
            "ipv4_address_mask": "255.255.255.255",
            "ipv6_address_autoconfig_default": null,
            "ipv6_address_dhcp": null,
            "ipv6_addresses": null,
            "ipv6_enable": null,
            "ipv6_link_local_addresses": null,
            "ipv6_mtu": null,
            "ipv6_nd_ra_suppress_all": null,
            "name": 1,
            "shutdown": false,
            "vrf_forwarding": null
          },
          "sensitive_attributes": [],
          "identity_schema_version": 0,
          "private": "eyJpbXBvcnRpbmciOiJNQT09In0="
        },
        {
          "index_key": "r15",
          "schema_version": 0,
          "attributes": {
            "arp_timeout": null,
            "delete_mode": null,
            "description": "loopback 1 OSPF",
            "device": "r15",
            "id": "Cisco-IOS-XE-native:native/interface/Loopback=1",
            "ip_access_group_in": null,
            "ip_access_group_in_enable": null,
            "ip_access_group_out": null,
            "ip_access_group_out_enable": null,
            "ip_igmp_version": null,
            "ip_nat_inside": null,
            "ip_nat_outside": null,
            "ip_proxy_arp": null,
            "ip_redirects": null,
            "ip_router_isis": null,
            "ip_unreachables": null,
            "ipv4_address": "200.200.200.15",
            "ipv4_address_mask": "255.255.255.255",
            "ipv6_address_autoconfig_default": null,
            "ipv6_address_dhcp": null,
            "ipv6_addresses": null,
            "ipv6_enable": null,
            "ipv6_link_local_addresses": null,
            "ipv6_mtu": null,
            "ipv6_nd_ra_suppress_all": null,
            "name": 1,
            "shutdown": false,
            "vrf_forwarding": null
          },
          "sensitive_attributes": [],
          "identity_schema_version": 0,
          "private": "eyJpbXBvcnRpbmciOiJNQT09In0="
        }
      ]
    },
    {
      "module": "module.ospf",
      "mode": "managed",
      "type": "iosxe_ospf",
      "name": "r_ospf",
      "provider": "provider[\"registry.terraform.io/ciscodevnet/iosxe\"]",
      "instances": [
        {
          "index_key": "r10",
          "schema_version": 0,
          "attributes": {
            "areas": null,
            "auto_cost_reference_bandwidth": null,
            "bfd_all_interfaces": null,
            "default_information_originate": false,
            "default_information_originate_always": null,
            "default_metric": null,
            "delete_mode": null,
            "device": "r10",
            "distance": null,
            "domain_tag": null,
            "fast_reroute_per_prefix_enable_prefix_priority": null,
            "id": "Cisco-IOS-XE-native:native/router/Cisco-IOS-XE-ospf:router-ospf/ospf/process-id=1",
            "log_adjacency_changes": null,
            "log_adjacency_changes_detail": null,
            "max_metric_router_lsa": null,
            "max_metric_router_lsa_external_lsa_metric": null,
            "max_metric_router_lsa_include_stub": null,
            "max_metric_router_lsa_on_startup_time": null,
            "max_metric_router_lsa_on_startup_wait_for_bgp": null,
            "max_metric_router_lsa_summary_lsa_metric": null,
            "mpls_ldp_autoconfig": null,
            "mpls_ldp_sync": null,
            "neighbors": null,
            "networks": [
              {
                "area": "0",
                "ip": "192.168.10.10",
                "wildcard": "0.0.0.0"
              },
              {
                "area": "0",
                "ip": "100.100.100.10",
                "wildcard": "0.0.0.0"
              }
            ],
            "nsf_cisco": null,
            "nsf_cisco_enforce_global": null,
            "nsf_ietf": null,
            "nsf_ietf_restart_interval": null,
            "passive_interface": null,
            "passive_interface_default": false,
            "passive_interface_disable_five_gigabit_ethernets": null,
            "passive_interface_disable_forty_gigabit_ethernets": null,
            "passive_interface_disable_four_hundred_gigabit_ethernets": null,
            "passive_interface_disable_gigabit_ethernets": null,
            "passive_interface_disable_hundred_gigabit_ethernets": null,
            "passive_interface_disable_loopbacks": null,
            "passive_interface_disable_port_channel_subinterfaces": null,
            "passive_interface_disable_port_channels": null,
            "passive_interface_disable_ten_gigabit_ethernets": null,
            "passive_interface_disable_tunnels": null,
            "passive_interface_disable_twenty_five_gigabit_ethernets": null,
            "passive_interface_disable_two_gigabit_ethernets": null,
            "passive_interface_disable_two_hundred_gigabit_ethernets": null,
            "passive_interface_disable_vlans": null,
            "priority": null,
            "process_id": 1,
            "redistribute_connected_subnets": null,
            "redistribute_static_subnets": null,
            "router_id": "100.100.100.10",
            "shutdown": false,
            "summary_addresses": null
          },
          "sensitive_attributes": [],
          "identity_schema_version": 0,
          "private": "eyJpbXBvcnRpbmciOiJNQT09In0=",
          "dependencies": [
            "module.ethernet_interface.iosxe_interface_ethernet.r_ge2",
            "module.loopback_interface.iosxe_interface_loopback.r1_loopback0",
            "module.loopback_interface.iosxe_interface_loopback.r1_loopback1"
          ]
        },
        {
          "index_key": "r11",
          "schema_version": 0,
          "attributes": {
            "areas": null,
            "auto_cost_reference_bandwidth": null,
            "bfd_all_interfaces": null,
            "default_information_originate": false,
            "default_information_originate_always": null,
            "default_metric": null,
            "delete_mode": null,
            "device": "r11",
            "distance": null,
            "domain_tag": null,
            "fast_reroute_per_prefix_enable_prefix_priority": null,
            "id": "Cisco-IOS-XE-native:native/router/Cisco-IOS-XE-ospf:router-ospf/ospf/process-id=1",
            "log_adjacency_changes": null,
            "log_adjacency_changes_detail": null,
            "max_metric_router_lsa": null,
            "max_metric_router_lsa_external_lsa_metric": null,
            "max_metric_router_lsa_include_stub": null,
            "max_metric_router_lsa_on_startup_time": null,
            "max_metric_router_lsa_on_startup_wait_for_bgp": null,
            "max_metric_router_lsa_summary_lsa_metric": null,
            "mpls_ldp_autoconfig": null,
            "mpls_ldp_sync": null,
            "neighbors": null,
            "networks": [
              {
                "area": "0",
                "ip": "192.168.10.11",
                "wildcard": "0.0.0.0"
              },
              {
                "area": "0",
                "ip": "100.100.100.11",
                "wildcard": "0.0.0.0"
              }
            ],
            "nsf_cisco": null,
            "nsf_cisco_enforce_global": null,
            "nsf_ietf": null,
            "nsf_ietf_restart_interval": null,
            "passive_interface": null,
            "passive_interface_default": false,
            "passive_interface_disable_five_gigabit_ethernets": null,
            "passive_interface_disable_forty_gigabit_ethernets": null,
            "passive_interface_disable_four_hundred_gigabit_ethernets": null,
            "passive_interface_disable_gigabit_ethernets": null,
            "passive_interface_disable_hundred_gigabit_ethernets": null,
            "passive_interface_disable_loopbacks": null,
            "passive_interface_disable_port_channel_subinterfaces": null,
            "passive_interface_disable_port_channels": null,
            "passive_interface_disable_ten_gigabit_ethernets": null,
            "passive_interface_disable_tunnels": null,
            "passive_interface_disable_twenty_five_gigabit_ethernets": null,
            "passive_interface_disable_two_gigabit_ethernets": null,
            "passive_interface_disable_two_hundred_gigabit_ethernets": null,
            "passive_interface_disable_vlans": null,
            "priority": null,
            "process_id": 1,
            "redistribute_connected_subnets": null,
            "redistribute_static_subnets": null,
            "router_id": "100.100.100.11",
            "shutdown": false,
            "summary_addresses": null
          },
          "sensitive_attributes": [],
          "identity_schema_version": 0,
          "private": "eyJpbXBvcnRpbmciOiJNQT09In0=",
          "dependencies": [
            "module.ethernet_interface.iosxe_interface_ethernet.r_ge2",
            "module.loopback_interface.iosxe_interface_loopback.r1_loopback0",
            "module.loopback_interface.iosxe_interface_loopback.r1_loopback1"
          ]
        },
        {
          "index_key": "r12",
          "schema_version": 0,
          "attributes": {
            "areas": null,
            "auto_cost_reference_bandwidth": null,
            "bfd_all_interfaces": null,
            "default_information_originate": false,
            "default_information_originate_always": null,
            "default_metric": null,
            "delete_mode": null,
            "device": "r12",
            "distance": null,
            "domain_tag": null,
            "fast_reroute_per_prefix_enable_prefix_priority": null,
            "id": "Cisco-IOS-XE-native:native/router/Cisco-IOS-XE-ospf:router-ospf/ospf/process-id=1",
            "log_adjacency_changes": null,
            "log_adjacency_changes_detail": null,
            "max_metric_router_lsa": null,
            "max_metric_router_lsa_external_lsa_metric": null,
            "max_metric_router_lsa_include_stub": null,
            "max_metric_router_lsa_on_startup_time": null,
            "max_metric_router_lsa_on_startup_wait_for_bgp": null,
            "max_metric_router_lsa_summary_lsa_metric": null,
            "mpls_ldp_autoconfig": null,
            "mpls_ldp_sync": null,
            "neighbors": null,
            "networks": [
              {
                "area": "0",
                "ip": "192.168.10.12",
                "wildcard": "0.0.0.0"
              },
              {
                "area": "0",
                "ip": "100.100.100.12",
                "wildcard": "0.0.0.0"
              }
            ],
            "nsf_cisco": null,
            "nsf_cisco_enforce_global": null,
            "nsf_ietf": null,
            "nsf_ietf_restart_interval": null,
            "passive_interface": null,
            "passive_interface_default": false,
            "passive_interface_disable_five_gigabit_ethernets": null,
            "passive_interface_disable_forty_gigabit_ethernets": null,
            "passive_interface_disable_four_hundred_gigabit_ethernets": null,
            "passive_interface_disable_gigabit_ethernets": null,
            "passive_interface_disable_hundred_gigabit_ethernets": null,
            "passive_interface_disable_loopbacks": null,
            "passive_interface_disable_port_channel_subinterfaces": null,
            "passive_interface_disable_port_channels": null,
            "passive_interface_disable_ten_gigabit_ethernets": null,
            "passive_interface_disable_tunnels": null,
            "passive_interface_disable_twenty_five_gigabit_ethernets": null,
            "passive_interface_disable_two_gigabit_ethernets": null,
            "passive_interface_disable_two_hundred_gigabit_ethernets": null,
            "passive_interface_disable_vlans": null,
            "priority": null,
            "process_id": 1,
            "redistribute_connected_subnets": null,
            "redistribute_static_subnets": null,
            "router_id": "100.100.100.12",
            "shutdown": false,
            "summary_addresses": null
          },
          "sensitive_attributes": [],
          "identity_schema_version": 0,
          "private": "eyJpbXBvcnRpbmciOiJNQT09In0=",
          "dependencies": [
            "module.ethernet_interface.iosxe_interface_ethernet.r_ge2",
            "module.loopback_interface.iosxe_interface_loopback.r1_loopback0",
            "module.loopback_interface.iosxe_interface_loopback.r1_loopback1"
          ]
        },
        {
          "index_key": "r13",
          "schema_version": 0,
          "attributes": {
            "areas": null,
            "auto_cost_reference_bandwidth": null,
            "bfd_all_interfaces": null,
            "default_information_originate": false,
            "default_information_originate_always": null,
            "default_metric": null,
            "delete_mode": null,
            "device": "r13",
            "distance": null,
            "domain_tag": null,
            "fast_reroute_per_prefix_enable_prefix_priority": null,
            "id": "Cisco-IOS-XE-native:native/router/Cisco-IOS-XE-ospf:router-ospf/ospf/process-id=1",
            "log_adjacency_changes": null,
            "log_adjacency_changes_detail": null,
            "max_metric_router_lsa": null,
            "max_metric_router_lsa_external_lsa_metric": null,
            "max_metric_router_lsa_include_stub": null,
            "max_metric_router_lsa_on_startup_time": null,
            "max_metric_router_lsa_on_startup_wait_for_bgp": null,
            "max_metric_router_lsa_summary_lsa_metric": null,
            "mpls_ldp_autoconfig": null,
            "mpls_ldp_sync": null,
            "neighbors": null,
            "networks": [
              {
                "area": "0",
                "ip": "192.168.10.13",
                "wildcard": "0.0.0.0"
              },
              {
                "area": "0",
                "ip": "100.100.100.13",
                "wildcard": "0.0.0.0"
              }
            ],
            "nsf_cisco": null,
            "nsf_cisco_enforce_global": null,
            "nsf_ietf": null,
            "nsf_ietf_restart_interval": null,
            "passive_interface": null,
            "passive_interface_default": false,
            "passive_interface_disable_five_gigabit_ethernets": null,
            "passive_interface_disable_forty_gigabit_ethernets": null,
            "passive_interface_disable_four_hundred_gigabit_ethernets": null,
            "passive_interface_disable_gigabit_ethernets": null,
            "passive_interface_disable_hundred_gigabit_ethernets": null,
            "passive_interface_disable_loopbacks": null,
            "passive_interface_disable_port_channel_subinterfaces": null,
            "passive_interface_disable_port_channels": null,
            "passive_interface_disable_ten_gigabit_ethernets": null,
            "passive_interface_disable_tunnels": null,
            "passive_interface_disable_twenty_five_gigabit_ethernets": null,
            "passive_interface_disable_two_gigabit_ethernets": null,
            "passive_interface_disable_two_hundred_gigabit_ethernets": null,
            "passive_interface_disable_vlans": null,
            "priority": null,
            "process_id": 1,
            "redistribute_connected_subnets": null,
            "redistribute_static_subnets": null,
            "router_id": "100.100.100.13",
            "shutdown": false,
            "summary_addresses": null
          },
          "sensitive_attributes": [],
          "identity_schema_version": 0,
          "private": "eyJpbXBvcnRpbmciOiJNQT09In0=",
          "dependencies": [
            "module.ethernet_interface.iosxe_interface_ethernet.r_ge2",
            "module.loopback_interface.iosxe_interface_loopback.r1_loopback0",
            "module.loopback_interface.iosxe_interface_loopback.r1_loopback1"
          ]
        },
        {
          "index_key": "r14",
          "schema_version": 0,
          "attributes": {
            "areas": null,
            "auto_cost_reference_bandwidth": null,
            "bfd_all_interfaces": null,
            "default_information_originate": false,
            "default_information_originate_always": null,
            "default_metric": null,
            "delete_mode": null,
            "device": "r14",
            "distance": null,
            "domain_tag": null,
            "fast_reroute_per_prefix_enable_prefix_priority": null,
            "id": "Cisco-IOS-XE-native:native/router/Cisco-IOS-XE-ospf:router-ospf/ospf/process-id=1",
            "log_adjacency_changes": null,
            "log_adjacency_changes_detail": null,
            "max_metric_router_lsa": null,
            "max_metric_router_lsa_external_lsa_metric": null,
            "max_metric_router_lsa_include_stub": null,
            "max_metric_router_lsa_on_startup_time": null,
            "max_metric_router_lsa_on_startup_wait_for_bgp": null,
            "max_metric_router_lsa_summary_lsa_metric": null,
            "mpls_ldp_autoconfig": null,
            "mpls_ldp_sync": null,
            "neighbors": null,
            "networks": [
              {
                "area": "0",
                "ip": "192.168.10.14",
                "wildcard": "0.0.0.0"
              },
              {
                "area": "0",
                "ip": "100.100.100.14",
                "wildcard": "0.0.0.0"
              }
            ],
            "nsf_cisco": null,
            "nsf_cisco_enforce_global": null,
            "nsf_ietf": null,
            "nsf_ietf_restart_interval": null,
            "passive_interface": null,
            "passive_interface_default": false,
            "passive_interface_disable_five_gigabit_ethernets": null,
            "passive_interface_disable_forty_gigabit_ethernets": null,
            "passive_interface_disable_four_hundred_gigabit_ethernets": null,
            "passive_interface_disable_gigabit_ethernets": null,
            "passive_interface_disable_hundred_gigabit_ethernets": null,
            "passive_interface_disable_loopbacks": null,
            "passive_interface_disable_port_channel_subinterfaces": null,
            "passive_interface_disable_port_channels": null,
            "passive_interface_disable_ten_gigabit_ethernets": null,
            "passive_interface_disable_tunnels": null,
            "passive_interface_disable_twenty_five_gigabit_ethernets": null,
            "passive_interface_disable_two_gigabit_ethernets": null,
            "passive_interface_disable_two_hundred_gigabit_ethernets": null,
            "passive_interface_disable_vlans": null,
            "priority": null,
            "process_id": 1,
            "redistribute_connected_subnets": null,
            "redistribute_static_subnets": null,
            "router_id": "100.100.100.14",
            "shutdown": false,
            "summary_addresses": null
          },
          "sensitive_attributes": [],
          "identity_schema_version": 0,
          "private": "eyJpbXBvcnRpbmciOiJNQT09In0=",
          "dependencies": [
            "module.ethernet_interface.iosxe_interface_ethernet.r_ge2",
            "module.loopback_interface.iosxe_interface_loopback.r1_loopback0",
            "module.loopback_interface.iosxe_interface_loopback.r1_loopback1"
          ]
        },
        {
          "index_key": "r15",
          "schema_version": 0,
          "attributes": {
            "areas": null,
            "auto_cost_reference_bandwidth": null,
            "bfd_all_interfaces": null,
            "default_information_originate": false,
            "default_information_originate_always": null,
            "default_metric": null,
            "delete_mode": null,
            "device": "r15",
            "distance": null,
            "domain_tag": null,
            "fast_reroute_per_prefix_enable_prefix_priority": null,
            "id": "Cisco-IOS-XE-native:native/router/Cisco-IOS-XE-ospf:router-ospf/ospf/process-id=1",
            "log_adjacency_changes": null,
            "log_adjacency_changes_detail": null,
            "max_metric_router_lsa": null,
            "max_metric_router_lsa_external_lsa_metric": null,
            "max_metric_router_lsa_include_stub": null,
            "max_metric_router_lsa_on_startup_time": null,
            "max_metric_router_lsa_on_startup_wait_for_bgp": null,
            "max_metric_router_lsa_summary_lsa_metric": null,
            "mpls_ldp_autoconfig": null,
            "mpls_ldp_sync": null,
            "neighbors": null,
            "networks": [
              {
                "area": "0",
                "ip": "192.168.10.15",
                "wildcard": "0.0.0.0"
              },
              {
                "area": "0",
                "ip": "100.100.100.15",
                "wildcard": "0.0.0.0"
              }
            ],
            "nsf_cisco": null,
            "nsf_cisco_enforce_global": null,
            "nsf_ietf": null,
            "nsf_ietf_restart_interval": null,
            "passive_interface": null,
            "passive_interface_default": false,
            "passive_interface_disable_five_gigabit_ethernets": null,
            "passive_interface_disable_forty_gigabit_ethernets": null,
            "passive_interface_disable_four_hundred_gigabit_ethernets": null,
            "passive_interface_disable_gigabit_ethernets": null,
            "passive_interface_disable_hundred_gigabit_ethernets": null,
            "passive_interface_disable_loopbacks": null,
            "passive_interface_disable_port_channel_subinterfaces": null,
            "passive_interface_disable_port_channels": null,
            "passive_interface_disable_ten_gigabit_ethernets": null,
            "passive_interface_disable_tunnels": null,
            "passive_interface_disable_twenty_five_gigabit_ethernets": null,
            "passive_interface_disable_two_gigabit_ethernets": null,
            "passive_interface_disable_two_hundred_gigabit_ethernets": null,
            "passive_interface_disable_vlans": null,
            "priority": null,
            "process_id": 1,
            "redistribute_connected_subnets": null,
            "redistribute_static_subnets": null,
            "router_id": "100.100.100.15",
            "shutdown": false,
            "summary_addresses": null
          },
          "sensitive_attributes": [],
          "identity_schema_version": 0,
          "private": "eyJpbXBvcnRpbmciOiJNQT09In0=",
          "dependencies": [
            "module.ethernet_interface.iosxe_interface_ethernet.r_ge2",
            "module.loopback_interface.iosxe_interface_loopback.r1_loopback0",
            "module.loopback_interface.iosxe_interface_loopback.r1_loopback1"
          ]
        }
      ]
    }
  ],
  "check_results": null
}
